
Microsoft Visual Studio Solution File, Format Version 12.00
# Visual Studio Version 16
VisualStudioVersion = 16.0.30907.101
MinimumVisualStudioVersion = 10.0.40219.1
Project("{FAE04EC0-301F-11D3-BF4B-00C04F79EFBC}") = "DemoProject.Data", "DemoProject.Data\DemoProject.Data.csproj", "{2A7CEBF8-0581-4AB2-8983-F4EECCD7B316}"
EndProject
Project("{FAE04EC0-301F-11D3-BF4B-00C04F79EFBC}") = "DemoProject.Web", "DemoProject.Web\DemoProject.Web.csproj", "{296BBA9B-D2E0-4DD7-A54B-EB95A574E6F2}"
EndProject
Project("{FAE04EC0-301F-11D3-BF4B-00C04F79EFBC}") = "DemoProject.WebApi", "DemoProject.WebApi\DemoProject.WebApi.csproj", "{7F225FA9-4E9D-4E68-91EF-7D740FC95CFB}"
EndProject
Global
	GlobalSection(SolutionConfigurationPlatforms) = preSolution
		Debug|Any CPU = Debug|Any CPU
		Release|Any CPU = Release|Any CPU
	EndGlobalSection
	GlobalSection(ProjectConfigurationPlatforms) = postSolution
		{2A7CEBF8-0581-4AB2-8983-F4EECCD7B316}.Debug|Any CPU.ActiveCfg = Debug|Any CPU
		{2A7CEBF8-0581-4AB2-8983-F4EECCD7B316}.Debug|Any CPU.Build.0 = Debug|Any CPU
		{2A7CEBF8-0581-4AB2-8983-F4EECCD7B316}.Release|Any CPU.ActiveCfg = Release|Any CPU
		{2A7CEBF8-0581-4AB2-8983-F4EECCD7B316}.Release|Any CPU.Build.0 = Release|Any CPU
		{296BBA9B-D2E0-4DD7-A54B-EB95A574E6F2}.Debug|Any CPU.ActiveCfg = Debug|Any CPU
		{296BBA9B-D2E0-4DD7-A54B-EB95A574E6F2}.Debug|Any CPU.Build.0 = Debug|Any CPU
		{296BBA9B-D2E0-4DD7-A54B-EB95A574E6F2}.Release|Any CPU.ActiveCfg = Release|Any CPU
		{296BBA9B-D2E0-4DD7-A54B-EB95A574E6F2}.Release|Any CPU.Build.0 = Release|Any CPU
		{7F225FA9-4E9D-4E68-91EF-7D740FC95CFB}.Debug|Any CPU.ActiveCfg = Debug|Any CPU
		{7F225FA9-4E9D-4E68-91EF-7D740FC95CFB}.Debug|Any CPU.Build.0 = Debug|Any CPU
		{7F225FA9-4E9D-4E68-91EF-7D740FC95CFB}.Release|Any CPU.ActiveCfg = Release|Any CPU
		{7F225FA9-4E9D-4E68-91EF-7D740FC95CFB}.Release|Any CPU.Build.0 = Release|Any CPU
	EndGlobalSection
	GlobalSection(SolutionProperties) = preSolution
		HideSolutionNode = FALSE
	EndGlobalSection
	GlobalSection(ExtensibilityGlobals) = postSolution
		SolutionGuid = {F8E045CF-377D-43F4-B8B8-C4BE37B54B62}
	EndGlobalSection
EndGlobal
